PODS:
  - fair (0.0.1):
    - Flutter
  - Flutter (1.0.0)
  - "permission_handler (5.0.1+1)":
    - Flutter
  - url_launcher (0.0.1):
    - Flutter

DEPENDENCIES:
  - fair (from `.symlinks/plugins/fair/ios`)
  - Flutter (from `Flutter`)
  - permission_handler (from `.symlinks/plugins/permission_handler/ios`)
  - url_launcher (from `.symlinks/plugins/url_launcher/ios`)

EXTERNAL SOURCES:
  fair:
    :path: ".symlinks/plugins/fair/ios"
  Flutter:
    :path: Flutter
  permission_handler:
    :path: ".symlinks/plugins/permission_handler/ios"
  url_launcher:
    :path: ".symlinks/plugins/url_launcher/ios"

SPEC CHECKSUMS:
  fair: 506537438bca9c214faf974999fc8e7e73223e96
  Flutter: 0e3d915762c693b495b44d77113d4970485de6ec
  permission_handler: eac8e15b4a1a3fba55b761d19f3f4e6b005d15b6
  url_launcher: 6fef411d543ceb26efce54b05a0a40bfd74cbbef

PODFILE CHECKSUM: 4009f4a47192b37db559daaa80d97e62433bd393

COCOAPODS: 1.10.1
