# Generated by pub
# See https://dart.dev/tools/pub/glossary#lockfile
packages:
  _fe_analyzer_shared:
    dependency: transitive
    description:
      name: _fe_analyzer_shared
      sha256: e440ac42679dfc04bbbefb58ed225c994bc7e07fccc8a68ec7d3631a127e5da9
      url: "https://pub.flutter-io.cn"
    source: hosted
    version: "54.0.0"
  analyzer:
    dependency: "direct overridden"
    description:
      name: analyzer
      sha256: "2c2e3721ee9fb36de92faa060f3480c81b23e904352b087e5c64224b1a044427"
      url: "https://pub.flutter-io.cn"
    source: hosted
    version: "5.6.0"
  archive:
    dependency: transitive
    description:
      name: archive
      sha256: eb33140ede1b4039f4ad631f7bf3cfa58e24514e8bf87184bc32f17541af87fc
      url: "https://pub.flutter-io.cn"
    source: hosted
    version: "3.3.0"
  args:
    dependency: transitive
    description:
      name: args
      sha256: "0bd9a99b6eb96f07af141f0eb53eace8983e8e5aa5de59777aca31684680ef22"
      url: "https://pub.flutter-io.cn"
    source: hosted
    version: "2.3.0"
  async:
    dependency: transitive
    description:
      name: async
      sha256: "947bfcf187f74dbc5e146c9eb9c0f10c9f8b30743e341481c1e2ed3ecc18c20c"
      url: "https://pub.flutter-io.cn"
    source: hosted
    version: "2.11.0"
  boolean_selector:
    dependency: transitive
    description:
      name: boolean_selector
      sha256: "6cfb5af12253eaf2b368f07bacc5a80d1301a071c73360d746b7f2e32d762c66"
      url: "https://pub.flutter-io.cn"
    source: hosted
    version: "2.1.1"
  build:
    dependency: transitive
    description:
      name: build
      sha256: "29a03af98de60b4eb9136acd56608a54e989f6da238a80af739415b05589d6df"
      url: "https://pub.flutter-io.cn"
    source: hosted
    version: "2.3.0"
  build_config:
    dependency: transitive
    description:
      name: build_config
      sha256: bf80fcfb46a29945b423bd9aad884590fb1dc69b330a4d4700cac476af1708d1
      url: "https://pub.flutter-io.cn"
    source: hosted
    version: "1.1.1"
  build_daemon:
    dependency: transitive
    description:
      name: build_daemon
      sha256: "5f02d73eb2ba16483e693f80bee4f088563a820e47d1027d4cdfe62b5bb43e65"
      url: "https://pub.flutter-io.cn"
    source: hosted
    version: "4.0.0"
  build_resolvers:
    dependency: "direct overridden"
    description:
      name: build_resolvers
      sha256: "6c4dd11d05d056e76320b828a1db0fc01ccd376922526f8e9d6c796a5adbac20"
      url: "https://pub.flutter-io.cn"
    source: hosted
    version: "2.2.1"
  build_runner:
    dependency: "direct main"
    description:
      name: build_runner
      sha256: "10c6bcdbf9d049a0b666702cf1cee4ddfdc38f02a19d35ae392863b47519848b"
      url: "https://pub.flutter-io.cn"
    source: hosted
    version: "2.4.6"
  build_runner_core:
    dependency: transitive
    description:
      name: build_runner_core
      sha256: f4d6244cc071ba842c296cb1c4ee1b31596b9f924300647ac7a1445493471a3f
      url: "https://pub.flutter-io.cn"
    source: hosted
    version: "7.2.3"
  built_collection:
    dependency: transitive
    description:
      name: built_collection
      sha256: "376e3dd27b51ea877c28d525560790aee2e6fbb5f20e2f85d5081027d94e2100"
      url: "https://pub.flutter-io.cn"
    source: hosted
    version: "5.1.1"
  built_value:
    dependency: transitive
    description:
      name: built_value
      sha256: "2af2d3ad6af980b3627d17b2ff1882e2dd4190555762e2cf7b8e1c035cb8a38c"
      url: "https://pub.flutter-io.cn"
    source: hosted
    version: "8.2.0"
  characters:
    dependency: transitive
    description:
      name: characters
      sha256: "04a925763edad70e8443c99234dc3328f442e811f1d8fd1a72f1c8ad0f69a605"
      url: "https://pub.flutter-io.cn"
    source: hosted
    version: "1.3.0"
  charcode:
    dependency: transitive
    description:
      name: charcode
      sha256: fb98c0f6d12c920a02ee2d998da788bca066ca5f148492b7085ee23372b12306
      url: "https://pub.flutter-io.cn"
    source: hosted
    version: "1.3.1"
  checked_yaml:
    dependency: transitive
    description:
      name: checked_yaml
      sha256: dd007e4fb8270916820a0d66e24f619266b60773cddd082c6439341645af2659
      url: "https://pub.flutter-io.cn"
    source: hosted
    version: "2.0.1"
  clock:
    dependency: transitive
    description:
      name: clock
      sha256: cb6d7f03e1de671e34607e909a7213e31d7752be4fb66a86d29fe1eb14bfb5cf
      url: "https://pub.flutter-io.cn"
    source: hosted
    version: "1.1.1"
  code_builder:
    dependency: transitive
    description:
      name: code_builder
      sha256: "1be9be30396d7e4c0db42c35ea6ccd7cc6a1e19916b5dc64d6ac216b5544d677"
      url: "https://pub.flutter-io.cn"
    source: hosted
    version: "4.7.0"
  collection:
    dependency: "direct overridden"
    description:
      name: collection
      sha256: cfc915e6923fe5ce6e153b0723c753045de46de1b4d63771530504004a45fae0
      url: "https://pub.flutter-io.cn"
    source: hosted
    version: "1.17.0"
  convert:
    dependency: transitive
    description:
      name: convert
      sha256: f08428ad63615f96a27e34221c65e1a451439b5f26030f78d790f461c686d65d
      url: "https://pub.flutter-io.cn"
    source: hosted
    version: "3.0.1"
  crypto:
    dependency: transitive
    description:
      name: crypto
      sha256: cf75650c66c0316274e21d7c43d3dea246273af5955bd94e8184837cd577575c
      url: "https://pub.flutter-io.cn"
    source: hosted
    version: "3.0.1"
  cupertino_icons:
    dependency: "direct main"
    description:
      name: cupertino_icons
      sha256: "1989d917fbe8e6b39806207df5a3fdd3d816cbd090fac2ce26fb45e9a71476e5"
      url: "https://pub.flutter-io.cn"
    source: hosted
    version: "1.0.4"
  dart_style:
    dependency: "direct overridden"
    description:
      name: dart_style
      sha256: "5be16bf1707658e4c03078d4a9b90208ded217fb02c163e207d334082412f2fb"
      url: "https://pub.flutter-io.cn"
    source: hosted
    version: "2.2.5"
  fair:
    dependency: "direct main"
    description:
      path: "../../fair"
      relative: true
    source: path
    version: "3.3.0"
  fair_annotation:
    dependency: transitive
    description:
      name: fair_annotation
      sha256: "921581dd3979e64a8e246ac4af728aaa1edb65867370f44f8276b0bed20e3cc3"
      url: "https://pub.flutter-io.cn"
    source: hosted
    version: "2.3.0"
  fair_compiler:
    dependency: "direct dev"
    description:
      path: "../../compiler"
      relative: true
    source: path
    version: "1.8.0"
  fair_dart2dsl:
    dependency: transitive
    description:
      name: fair_dart2dsl
      sha256: a4e859678c0dcad711d688c0e82998fde5e75d2f5f5620d9b2c6d7426d22acbd
      url: "https://pub.flutter-io.cn"
    source: hosted
    version: "1.4.0"
  fair_dart2js:
    dependency: transitive
    description:
      name: fair_dart2js
      sha256: f9b14f1fc887866238fb0c446667611bcd8896f889cd18950ce4b3cd7a3cfad2
      url: "https://pub.flutter-io.cn"
    source: hosted
    version: "1.4.0"
  fair_version:
    dependency: "direct overridden"
    description:
      path: "../../flutter_version/flutter_3_13_0"
      relative: true
    source: path
    version: "3.13.0"
  fake_async:
    dependency: transitive
    description:
      name: fake_async
      sha256: "511392330127add0b769b75a987850d136345d9227c6b94c96a04cf4a391bf78"
      url: "https://pub.flutter-io.cn"
    source: hosted
    version: "1.3.1"
  ffi:
    dependency: transitive
    description:
      name: ffi
      sha256: "35d0f481d939de0d640b3db9a7aa36a52cd22054a798a73b4f50bdad5ce12678"
      url: "https://pub.flutter-io.cn"
    source: hosted
    version: "1.1.2"
  file:
    dependency: "direct overridden"
    description:
      name: file
      sha256: "1b92bec4fc2a72f59a8e15af5f52cd441e4a7860b49499d69dfa817af20e925d"
      url: "https://pub.flutter-io.cn"
    source: hosted
    version: "6.1.4"
  fixnum:
    dependency: transitive
    description:
      name: fixnum
      sha256: "6a2ef17156f4dc49684f9d99aaf4a93aba8ac49f5eac861755f5730ddf6e2e4e"
      url: "https://pub.flutter-io.cn"
    source: hosted
    version: "1.0.0"
  flat_buffers:
    dependency: transitive
    description:
      name: flat_buffers
      sha256: "23e2ced0d8e8ecdffbd9f267f49a668c74438393b9acaeac1c724123e3764263"
      url: "https://pub.flutter-io.cn"
    source: hosted
    version: "2.0.5"
  flutter:
    dependency: "direct main"
    description: flutter
    source: sdk
    version: "0.0.0"
  flutter_mobx:
    dependency: "direct main"
    description:
      name: flutter_mobx
      sha256: "7a73527a6193cad19df35789c34f34cc7e8e7975422ef44220ae4bbd2c2a2034"
      url: "https://pub.flutter-io.cn"
    source: hosted
    version: "2.0.5"
  flutter_redux:
    dependency: "direct main"
    description:
      name: flutter_redux
      sha256: "8985fd9a4f4016be6acc058818b7bc4cd43f65d134e6507a6e017ac5b499cd82"
      url: "https://pub.flutter-io.cn"
    source: hosted
    version: "0.8.2"
  flutter_test:
    dependency: "direct dev"
    description: flutter
    source: sdk
    version: "0.0.0"
  flutter_web_plugins:
    dependency: transitive
    description: flutter
    source: sdk
    version: "0.0.0"
  frontend_server_client:
    dependency: transitive
    description:
      name: frontend_server_client
      sha256: "408e3ca148b31c20282ad6f37ebfa6f4bdc8fede5b74bc2f08d9d92b55db3612"
      url: "https://pub.flutter-io.cn"
    source: hosted
    version: "3.2.0"
  glob:
    dependency: transitive
    description:
      name: glob
      sha256: "8321dd2c0ab0683a91a51307fa844c6db4aa8e3981219b78961672aaab434658"
      url: "https://pub.flutter-io.cn"
    source: hosted
    version: "2.0.2"
  graphs:
    dependency: transitive
    description:
      name: graphs
      sha256: aedc5a15e78fc65a6e23bcd927f24c64dd995062bcd1ca6eda65a3cff92a4d19
      url: "https://pub.flutter-io.cn"
    source: hosted
    version: "2.3.1"
  http:
    dependency: transitive
    description:
      name: http
      sha256: "2ed163531e071c2c6b7c659635112f24cb64ecbebf6af46b550d536c0b1aa112"
      url: "https://pub.flutter-io.cn"
    source: hosted
    version: "0.13.4"
  http_multi_server:
    dependency: transitive
    description:
      name: http_multi_server
      sha256: ab298ef2b2acd283bd36837df7801dcf6e6b925f8da6e09efb81111230aa9037
      url: "https://pub.flutter-io.cn"
    source: hosted
    version: "3.2.0"
  http_parser:
    dependency: transitive
    description:
      name: http_parser
      sha256: e362d639ba3bc07d5a71faebb98cde68c05bfbcfbbb444b60b6f60bb67719185
      url: "https://pub.flutter-io.cn"
    source: hosted
    version: "4.0.0"
  intl:
    dependency: transitive
    description:
      name: intl
      sha256: "910f85bce16fb5c6f614e117efa303e85a1731bb0081edf3604a2ae6e9a3cc91"
      url: "https://pub.flutter-io.cn"
    source: hosted
    version: "0.17.0"
  io:
    dependency: transitive
    description:
      name: io
      sha256: "0d4c73c3653ab85bf696d51a9657604c900a370549196a91f33e4c39af760852"
      url: "https://pub.flutter-io.cn"
    source: hosted
    version: "1.0.3"
  js:
    dependency: transitive
    description:
      name: js
      sha256: a5e201311cb08bf3912ebbe9a2be096e182d703f881136ec1e81a2338a9e120d
      url: "https://pub.flutter-io.cn"
    source: hosted
    version: "0.6.4"
  json_annotation:
    dependency: transitive
    description:
      name: json_annotation
      sha256: b10a7b2ff83d83c777edba3c6a0f97045ddadd56c944e1a23a3fdf43a1bf4467
      url: "https://pub.flutter-io.cn"
    source: hosted
    version: "4.8.1"
  logging:
    dependency: transitive
    description:
      name: logging
      sha256: "293ae2d49fd79d4c04944c3a26dfd313382d5f52e821ec57119230ae16031ad4"
      url: "https://pub.flutter-io.cn"
    source: hosted
    version: "1.0.2"
  matcher:
    dependency: transitive
    description:
      name: matcher
      sha256: "1803e76e6653768d64ed8ff2e1e67bea3ad4b923eb5c56a295c3e634bad5960e"
      url: "https://pub.flutter-io.cn"
    source: hosted
    version: "0.12.16"
  material_color_utilities:
    dependency: transitive
    description:
      name: material_color_utilities
      sha256: "9528f2f296073ff54cb9fee677df673ace1218163c3bc7628093e7eed5203d41"
      url: "https://pub.flutter-io.cn"
    source: hosted
    version: "0.5.0"
  meta:
    dependency: transitive
    description:
      name: meta
      sha256: "3c74dbf8763d36539f114c799d8a2d87343b5067e9d796ca22b5eb8437090ee3"
      url: "https://pub.flutter-io.cn"
    source: hosted
    version: "1.9.1"
  mime:
    dependency: transitive
    description:
      name: mime
      sha256: fd5f81041e6a9fc9b9d7fa2cb8a01123f9f5d5d49136e06cb9dc7d33689529f4
      url: "https://pub.flutter-io.cn"
    source: hosted
    version: "1.0.1"
  mobx:
    dependency: "direct main"
    description:
      name: mobx
      sha256: "3d624a37979ac580c3d7d5ea3d846f99203c6023f9637f15385e700c2fef2c76"
      url: "https://pub.flutter-io.cn"
    source: hosted
    version: "2.0.7"
  mobx_codegen:
    dependency: "direct main"
    description:
      name: mobx_codegen
      sha256: "2748bf457e845af5bae47dceee93eb7336892e9dad811271630eccbb63a10ae7"
      url: "https://pub.flutter-io.cn"
    source: hosted
    version: "2.2.0"
  package_config:
    dependency: transitive
    description:
      name: package_config
      sha256: a4d5ede5ca9c3d88a2fef1147a078570c861714c806485c596b109819135bc12
      url: "https://pub.flutter-io.cn"
    source: hosted
    version: "2.0.2"
  path:
    dependency: transitive
    description:
      name: path
      sha256: "8829d8a55c13fc0e37127c29fedf290c102f4e40ae94ada574091fe0ff96c917"
      url: "https://pub.flutter-io.cn"
    source: hosted
    version: "1.8.3"
  pedantic:
    dependency: transitive
    description:
      name: pedantic
      sha256: "67fc27ed9639506c856c840ccce7594d0bdcd91bc8d53d6e52359449a1d50602"
      url: "https://pub.flutter-io.cn"
    source: hosted
    version: "1.11.1"
  platform:
    dependency: transitive
    description:
      name: platform
      sha256: "4a451831508d7d6ca779f7ac6e212b4023dd5a7d08a27a63da33756410e32b76"
      url: "https://pub.flutter-io.cn"
    source: hosted
    version: "3.1.0"
  plugin_platform_interface:
    dependency: transitive
    description:
      name: plugin_platform_interface
      sha256: "075f927ebbab4262ace8d0b283929ac5410c0ac4e7fc123c76429564facfb757"
      url: "https://pub.flutter-io.cn"
    source: hosted
    version: "2.1.2"
  pool:
    dependency: transitive
    description:
      name: pool
      sha256: "05955e3de2683e1746222efd14b775df7131139e07695dc8e24650f6b4204504"
      url: "https://pub.flutter-io.cn"
    source: hosted
    version: "1.5.0"
  process:
    dependency: transitive
    description:
      name: process
      sha256: "53fd8db9cec1d37b0574e12f07520d582019cb6c44abf5479a01505099a34a09"
      url: "https://pub.flutter-io.cn"
    source: hosted
    version: "4.2.4"
  pub_semver:
    dependency: "direct overridden"
    description:
      name: pub_semver
      sha256: "40d3ab1bbd474c4c2328c91e3a7df8c6dd629b79ece4c4bd04bee496a224fb0c"
      url: "https://pub.flutter-io.cn"
    source: hosted
    version: "2.1.4"
  pubspec_parse:
    dependency: transitive
    description:
      name: pubspec_parse
      sha256: "3686efe4a4613a4449b1a4ae08670aadbd3376f2e78d93e3f8f0919db02a7256"
      url: "https://pub.flutter-io.cn"
    source: hosted
    version: "1.2.0"
  redux:
    dependency: transitive
    description:
      name: redux
      sha256: "1e86ed5b1a9a717922d0a0ca41f9bf49c1a587d50050e9426fc65b14e85ec4d7"
      url: "https://pub.flutter-io.cn"
    source: hosted
    version: "5.0.0"
  shelf:
    dependency: transitive
    description:
      name: shelf
      sha256: c240984c924796e055e831a0a36db23be8cb04f170b26df572931ab36418421d
      url: "https://pub.flutter-io.cn"
    source: hosted
    version: "1.2.0"
  shelf_web_socket:
    dependency: transitive
    description:
      name: shelf_web_socket
      sha256: fd84910bf7d58db109082edf7326b75322b8f186162028482f53dc892f00332d
      url: "https://pub.flutter-io.cn"
    source: hosted
    version: "1.0.1"
  sky_engine:
    dependency: transitive
    description: flutter
    source: sdk
    version: "0.0.99"
  source_gen:
    dependency: "direct overridden"
    description:
      name: source_gen
      sha256: "373f96cf5a8744bc9816c1ff41cf5391bbdbe3d7a96fe98c622b6738a8a7bd33"
      url: "https://pub.flutter-io.cn"
    source: hosted
    version: "1.3.2"
  source_span:
    dependency: transitive
    description:
      name: source_span
      sha256: "53e943d4206a5e30df338fd4c6e7a077e02254531b138a15aec3bd143c1a8b3c"
      url: "https://pub.flutter-io.cn"
    source: hosted
    version: "1.10.0"
  stack_trace:
    dependency: transitive
    description:
      name: stack_trace
      sha256: c3c7d8edb15bee7f0f74debd4b9c5f3c2ea86766fe4178eb2a18eb30a0bdaed5
      url: "https://pub.flutter-io.cn"
    source: hosted
    version: "1.11.0"
  stream_channel:
    dependency: transitive
    description:
      name: stream_channel
      sha256: "83615bee9045c1d322bbbd1ba209b7a749c2cbcdcb3fdd1df8eb488b3279c1c8"
      url: "https://pub.flutter-io.cn"
    source: hosted
    version: "2.1.1"
  stream_transform:
    dependency: transitive
    description:
      name: stream_transform
      sha256: ed464977cb26a1f41537e177e190c67223dbd9f4f683489b6ab2e5d211ec564e
      url: "https://pub.flutter-io.cn"
    source: hosted
    version: "2.0.0"
  string_scanner:
    dependency: transitive
    description:
      name: string_scanner
      sha256: "556692adab6cfa87322a115640c11f13cb77b3f076ddcc5d6ae3c20242bedcde"
      url: "https://pub.flutter-io.cn"
    source: hosted
    version: "1.2.0"
  term_glyph:
    dependency: transitive
    description:
      name: term_glyph
      sha256: a29248a84fbb7c79282b40b8c72a1209db169a2e0542bce341da992fe1bc7e84
      url: "https://pub.flutter-io.cn"
    source: hosted
    version: "1.2.1"
  test_api:
    dependency: transitive
    description:
      name: test_api
      sha256: "75760ffd7786fffdfb9597c35c5b27eaeec82be8edfb6d71d32651128ed7aab8"
      url: "https://pub.flutter-io.cn"
    source: hosted
    version: "0.6.0"
  timing:
    dependency: transitive
    description:
      name: timing
      sha256: c386d07d7f5efc613479a7c4d9d64b03710b03cfaa7e8ad5f2bfb295a1f0dfad
      url: "https://pub.flutter-io.cn"
    source: hosted
    version: "1.0.0"
  typed_data:
    dependency: transitive
    description:
      name: typed_data
      sha256: "53bdf7e979cfbf3e28987552fd72f637e63f3c8724c9e56d9246942dc2fa36ee"
      url: "https://pub.flutter-io.cn"
    source: hosted
    version: "1.3.0"
  url_launcher:
    dependency: transitive
    description:
      name: url_launcher
      sha256: "2d9de5efddbd134ee68d73d0735e7477c00bcbf1ee91afa37514d6c876d38587"
      url: "https://pub.flutter-io.cn"
    source: hosted
    version: "6.1.0"
  url_launcher_android:
    dependency: transitive
    description:
      name: url_launcher_android
      sha256: "2ec66333093cf5dd5103f089c3a7842fcd5581023a571839d3d176ff10244582"
      url: "https://pub.flutter-io.cn"
    source: hosted
    version: "6.0.14"
  url_launcher_ios:
    dependency: transitive
    description:
      name: url_launcher_ios
      sha256: "0d6b0b9dce05986462e8ba08e51f1909ac63e2e59ebde829c46ad66423f03dee"
      url: "https://pub.flutter-io.cn"
    source: hosted
    version: "6.0.14"
  url_launcher_linux:
    dependency: transitive
    description:
      name: url_launcher_linux
      sha256: c3ec89d52305ec647cf037eafe2be8d2f1149b5723d1f2ec716fc3d58469de5d
      url: "https://pub.flutter-io.cn"
    source: hosted
    version: "3.0.0"
  url_launcher_macos:
    dependency: transitive
    description:
      name: url_launcher_macos
      sha256: c028c7f80fdb99cf48b94c471c0f8b9b855a188f4865df76e2a7663ae640e9d2
      url: "https://pub.flutter-io.cn"
    source: hosted
    version: "3.0.0"
  url_launcher_platform_interface:
    dependency: transitive
    description:
      name: url_launcher_platform_interface
      sha256: "1b9c4dab07794498b83b5f938e26b20f68c3b460a3015b0307f9541cb34ef93d"
      url: "https://pub.flutter-io.cn"
    source: hosted
    version: "2.0.5"
  url_launcher_web:
    dependency: transitive
    description:
      name: url_launcher_web
      sha256: d486afa4c3bbfd2f27daeceedcdaa5e861970db7a754eaf4b500eb4ecc3e7326
      url: "https://pub.flutter-io.cn"
    source: hosted
    version: "2.0.7"
  url_launcher_windows:
    dependency: transitive
    description:
      name: url_launcher_windows
      sha256: aa14bdb9265fa22416fc387b33e44eb37fd38768bf465fafcec73d283f3457b1
      url: "https://pub.flutter-io.cn"
    source: hosted
    version: "3.0.0"
  vector_math:
    dependency: transitive
    description:
      name: vector_math
      sha256: "80b3257d1492ce4d091729e3a67a60407d227c27241d6927be0130c98e741803"
      url: "https://pub.flutter-io.cn"
    source: hosted
    version: "2.1.4"
  watcher:
    dependency: "direct overridden"
    description:
      name: watcher
      sha256: "3d2ad6751b3c16cf07c7fca317a1413b3f26530319181b37e3b9039b84fc01d8"
      url: "https://pub.flutter-io.cn"
    source: hosted
    version: "1.1.0"
  web:
    dependency: transitive
    description:
      name: web
      sha256: dc8ccd225a2005c1be616fe02951e2e342092edf968cf0844220383757ef8f10
      url: "https://pub.flutter-io.cn"
    source: hosted
    version: "0.1.4-beta"
  web_socket_channel:
    dependency: transitive
    description:
      name: web_socket_channel
      sha256: "0c2ada1b1aeb2ad031ca81872add6be049b8cb479262c6ad3c4b0f9c24eaab2f"
      url: "https://pub.flutter-io.cn"
    source: hosted
    version: "2.1.0"
  yaml:
    dependency: transitive
    description:
      name: yaml
      sha256: "3cee79b1715110341012d27756d9bae38e650588acd38d3f3c610822e1337ace"
      url: "https://pub.flutter-io.cn"
    source: hosted
    version: "3.1.0"
sdks:
  dart: ">=3.1.0-185.0.dev <4.0.0"
  flutter: ">=3.0.0"
